
Microsoft Visual Studio Solution File, Format Version 12.00
# Visual Studio Version 17
VisualStudioVersion = 17.9.34902.65
MinimumVisualStudioVersion = 10.0.40219.1
Project("{9A19103F-16F7-4668-BE54-9A1E7A4F7556}") = "WepAPI", "WepAPI\WepAPI.csproj", "{1BB973DE-DAE3-4FD3-81C3-AAFF77225492}"
EndProject
Project("{9A19103F-16F7-4668-BE54-9A1E7A4F7556}") = "EntityLayer", "EntityLayer\EntityLayer.csproj", "{AA64A647-E2F4-4EA2-BBF7-EBAAD1668B5B}"
EndProject
Project("{9A19103F-16F7-4668-BE54-9A1E7A4F7556}") = "DataAccessLayer", "DataAccessLayer\DataAccessLayer.csproj", "{646091B1-64A7-4184-A467-9DFEE00129D0}"
	ProjectSection(ProjectDependencies) = postProject
		{AA64A647-E2F4-4EA2-BBF7-EBAAD1668B5B} = {AA64A647-E2F4-4EA2-BBF7-EBAAD1668B5B}
	EndProjectSection
EndProject
Project("{9A19103F-16F7-4668-BE54-9A1E7A4F7556}") = "BusinessLayer", "BusinessLayer\BusinessLayer.csproj", "{D34F04C3-C197-4DC4-AF3D-870A910F3F1D}"
EndProject
Global
	GlobalSection(SolutionConfigurationPlatforms) = preSolution
		Debug|Any CPU = Debug|Any CPU
		Release|Any CPU = Release|Any CPU
	EndGlobalSection
	GlobalSection(ProjectConfigurationPlatforms) = postSolution
		{1BB973DE-DAE3-4FD3-81C3-AAFF77225492}.Debug|Any CPU.ActiveCfg = Debug|Any CPU
		{1BB973DE-DAE3-4FD3-81C3-AAFF77225492}.Debug|Any CPU.Build.0 = Debug|Any CPU
		{1BB973DE-DAE3-4FD3-81C3-AAFF77225492}.Release|Any CPU.ActiveCfg = Release|Any CPU
		{1BB973DE-DAE3-4FD3-81C3-AAFF77225492}.Release|Any CPU.Build.0 = Release|Any CPU
		{AA64A647-E2F4-4EA2-BBF7-EBAAD1668B5B}.Debug|Any CPU.ActiveCfg = Debug|Any CPU
		{AA64A647-E2F4-4EA2-BBF7-EBAAD1668B5B}.Debug|Any CPU.Build.0 = Debug|Any CPU
		{AA64A647-E2F4-4EA2-BBF7-EBAAD1668B5B}.Release|Any CPU.ActiveCfg = Release|Any CPU
		{AA64A647-E2F4-4EA2-BBF7-EBAAD1668B5B}.Release|Any CPU.Build.0 = Release|Any CPU
		{646091B1-64A7-4184-A467-9DFEE00129D0}.Debug|Any CPU.ActiveCfg = Debug|Any CPU
		{646091B1-64A7-4184-A467-9DFEE00129D0}.Debug|Any CPU.Build.0 = Debug|Any CPU
		{646091B1-64A7-4184-A467-9DFEE00129D0}.Release|Any CPU.ActiveCfg = Release|Any CPU
		{646091B1-64A7-4184-A467-9DFEE00129D0}.Release|Any CPU.Build.0 = Release|Any CPU
		{D34F04C3-C197-4DC4-AF3D-870A910F3F1D}.Debug|Any CPU.ActiveCfg = Debug|Any CPU
		{D34F04C3-C197-4DC4-AF3D-870A910F3F1D}.Debug|Any CPU.Build.0 = Debug|Any CPU
		{D34F04C3-C197-4DC4-AF3D-870A910F3F1D}.Release|Any CPU.ActiveCfg = Release|Any CPU
		{D34F04C3-C197-4DC4-AF3D-870A910F3F1D}.Release|Any CPU.Build.0 = Release|Any CPU
	EndGlobalSection
	GlobalSection(SolutionProperties) = preSolution
		HideSolutionNode = FALSE
	EndGlobalSection
	GlobalSection(ExtensibilityGlobals) = postSolution
		SolutionGuid = {7F6E5B6D-D2E3-446B-A01A-A1F30C37A066}
	EndGlobalSection
EndGlobal
